# THIS IS AN AUTOGENERATED FILE. DO NOT EDIT THIS FILE DIRECTLY.
# yarn lockfile v1


"@protobufjs/aspromise@^1.1.1":
  version "1.1.1"
  resolved "https://registry.yarnpkg.com/@protobufjs/aspromise/-/aspromise-1.1.1.tgz#22526b2959bbc8dcc531dfcf569a9e2a1eeb3e1f"

"@protobufjs/base64@^1.1.1":
  version "1.1.1"
  resolved "https://registry.yarnpkg.com/@protobufjs/base64/-/base64-1.1.1.tgz#8f10115d2b1ac2c25f3602e55eba708e56bcd2bb"

"@protobufjs/codegen@^1.0.8":
  version "1.0.8"
  resolved "https://registry.yarnpkg.com/@protobufjs/codegen/-/codegen-1.0.8.tgz#d29e3d48a9445d77ccbffa420379b29dc37c6d7d"

"@protobufjs/eventemitter@^1.1.0":
  version "1.1.0"
  resolved "https://registry.yarnpkg.com/@protobufjs/eventemitter/-/eventemitter-1.1.0.tgz#355cbc98bafad5978f9ed095f397621f1d066b70"

"@protobufjs/fetch@^1.1.0":
  version "1.1.0"
  resolved "https://registry.yarnpkg.com/@protobufjs/fetch/-/fetch-1.1.0.tgz#ba99fb598614af65700c1619ff06d454b0d84c45"
  dependencies:
    "@protobufjs/aspromise" "^1.1.1"
    "@protobufjs/inquire" "^1.1.0"

"@protobufjs/inquire@^1.1.0":
  version "1.1.0"
  resolved "https://registry.yarnpkg.com/@protobufjs/inquire/-/inquire-1.1.0.tgz#ff200e3e7cf2429e2dcafc1140828e8cc638f089"

"@protobufjs/path@^1.1.2":
  version "1.1.2"
  resolved "https://registry.yarnpkg.com/@protobufjs/path/-/path-1.1.2.tgz#6cc2b20c5c9ad6ad0dccfd21ca7673d8d7fbf68d"

"@protobufjs/pool@^1.1.0":
  version "1.1.0"
  resolved "https://registry.yarnpkg.com/@protobufjs/pool/-/pool-1.1.0.tgz#09fd15f2d6d3abfa9b65bc366506d6ad7846ff54"

"@protobufjs/utf8@^1.1.0":
  version "1.1.0"
  resolved "https://registry.yarnpkg.com/@protobufjs/utf8/-/utf8-1.1.0.tgz#a777360b5b39a1a2e5106f8e858f2fd2d060c570"

"@types/long@^3.0.31":
  version "3.0.31"
  resolved "https://registry.yarnpkg.com/@types/long/-/long-3.0.31.tgz#08635b0d0d322676940c1a88a7a9cef661c6f34a"

"@types/node@7.0.5":
  version "7.0.5"
  resolved "https://registry.yarnpkg.com/@types/node/-/node-7.0.5.tgz#96a0f0a618b7b606f1ec547403c00650210bfbb7"

agent-base@2:
  version "2.0.1"
  resolved "https://registry.yarnpkg.com/agent-base/-/agent-base-2.0.1.tgz#bd8f9e86a8eb221fffa07bd14befd55df142815e"
  dependencies:
    extend "~3.0.0"
    semver "~5.0.1"

amqplib@^0.5.1:
  version "0.5.1"
  resolved "https://registry.yarnpkg.com/amqplib/-/amqplib-0.5.1.tgz#7cccfebabe56c2e984ea7a2243f7cefe6fbfc6cf"
  dependencies:
    bitsyntax "~0.0.4"
    bluebird "^3.4.6"
    buffer-more-ints "0.0.2"
    readable-stream "1.x >=1.1.9"

anecdote-engine@^1.0.0:
  version "1.0.6"
  resolved "https://registry.yarnpkg.com/anecdote-engine/-/anecdote-engine-1.0.6.tgz#717554c5b8b9de60b914ed3260d71da30e73b365"
  dependencies:
    amqplib "^0.5.1"
    chance "^1.0.4"
    commander "^2.9.0"
    dotenv "^4.0.0"
    github "^9.0.0"
    highlight.js "^9.9.0"
    inversify "^3.0.0"
    lodash "^4.17.4"
    marked "^0.3.6"
    moment "^2.17.1"
    mongodb "^2.2.22"
    node-fetch "^1.6.3"
    protobufjs "^6.6.2"
    reflect-metadata "^0.1.9"
    wtfnode "^0.5.0"

bitsyntax@~0.0.4:
  version "0.0.4"
  resolved "https://registry.yarnpkg.com/bitsyntax/-/bitsyntax-0.0.4.tgz#eb10cc6f82b8c490e3e85698f07e83d46e0cba82"
  dependencies:
    buffer-more-ints "0.0.2"

bluebird@^3.4.6:
  version "3.5.0"
  resolved "https://registry.yarnpkg.com/bluebird/-/bluebird-3.5.0.tgz#791420d7f551eea2897453a8a77653f96606d67c"

bson@~1.0.4:
  version "1.0.4"
  resolved "https://registry.yarnpkg.com/bson/-/bson-1.0.4.tgz#93c10d39eaa5b58415cbc4052f3e53e562b0b72c"

buffer-more-ints@0.0.2:
  version "0.0.2"
  resolved "https://registry.yarnpkg.com/buffer-more-ints/-/buffer-more-ints-0.0.2.tgz#26b3885d10fa13db7fc01aae3aab870199e0124c"

buffer-shims@^1.0.0:
  version "1.0.0"
  resolved "https://registry.yarnpkg.com/buffer-shims/-/buffer-shims-1.0.0.tgz#9978ce317388c649ad8793028c3477ef044a8b51"

chance@^1.0.4:
  version "1.0.6"
  resolved "https://registry.yarnpkg.com/chance/-/chance-1.0.6.tgz#4734f62d02b738cdc2882d8b5d41f89af49e7bfd"

commander@^2.9.0:
  version "2.9.0"
  resolved "https://registry.yarnpkg.com/commander/-/commander-2.9.0.tgz#9c99094176e12240cb22d6c5146098400fe0f7d4"
  dependencies:
    graceful-readlink ">= 1.0.0"

core-util-is@~1.0.0:
  version "1.0.2"
  resolved "https://registry.yarnpkg.com/core-util-is/-/core-util-is-1.0.2.tgz#b5fd54220aa2bc5ab57aab7140c940754503c1a7"

debug@2, debug@^2.2.0:
  version "2.6.2"
  resolved "https://registry.yarnpkg.com/debug/-/debug-2.6.2.tgz#dfa96a861ee9b8c2f29349b3bcc41aa599a71e0f"
  dependencies:
    ms "0.7.2"

dotenv@^4.0.0:
  version "4.0.0"
  resolved "https://registry.yarnpkg.com/dotenv/-/dotenv-4.0.0.tgz#864ef1379aced55ce6f95debecdce179f7a0cd1d"

encoding@^0.1.11:
  version "0.1.12"
  resolved "https://registry.yarnpkg.com/encoding/-/encoding-0.1.12.tgz#538b66f3ee62cd1ab51ec323829d1f9480c74beb"
  dependencies:
    iconv-lite "~0.4.13"

es6-promise@3.2.1:
  version "3.2.1"
  resolved "https://registry.yarnpkg.com/es6-promise/-/es6-promise-3.2.1.tgz#ec56233868032909207170c39448e24449dd1fc4"

extend@3, extend@~3.0.0:
  version "3.0.0"
  resolved "https://registry.yarnpkg.com/extend/-/extend-3.0.0.tgz#5a474353b9f3353ddd8176dfd37b91c83a46f1d4"

follow-redirects@0.0.7:
  version "0.0.7"
  resolved "https://registry.yarnpkg.com/follow-redirects/-/follow-redirects-0.0.7.tgz#34b90bab2a911aa347571da90f22bd36ecd8a919"
  dependencies:
    debug "^2.2.0"
    stream-consume "^0.1.0"

github@^9.0.0:
  version "9.2.0"
  resolved "https://registry.yarnpkg.com/github/-/github-9.2.0.tgz#8a886dc40dd63636707dcaf99df3df26c59f16fc"
  dependencies:
    follow-redirects "0.0.7"
    https-proxy-agent "^1.0.0"
    mime "^1.2.11"
    netrc "^0.1.4"

"graceful-readlink@>= 1.0.0":
  version "1.0.1"
  resolved "https://registry.yarnpkg.com/graceful-readlink/-/graceful-readlink-1.0.1.tgz#4cafad76bc62f02fa039b2f94e9a3dd3a391a725"

highlight.js@^9.9.0:
  version "9.10.0"
  resolved "https://registry.yarnpkg.com/highlight.js/-/highlight.js-9.10.0.tgz#f9f0b14c0be00f0e4fb1e577b749fed9e6f52f55"

https-proxy-agent@^1.0.0:
  version "1.0.0"
  resolved "https://registry.yarnpkg.com/https-proxy-agent/-/https-proxy-agent-1.0.0.tgz#35f7da6c48ce4ddbfa264891ac593ee5ff8671e6"
  dependencies:
    agent-base "2"
    debug "2"
    extend "3"

iconv-lite@~0.4.13:
  version "0.4.15"
  resolved "https://registry.yarnpkg.com/iconv-lite/-/iconv-lite-0.4.15.tgz#fe265a218ac6a57cfe854927e9d04c19825eddeb"

inherits@~2.0.1:
  version "2.0.3"
  resolved "https://registry.yarnpkg.com/inherits/-/inherits-2.0.3.tgz#633c2c83e3da42a502f52466022480f4208261de"

inversify@^3.0.0:
  version "3.1.0"
  resolved "https://registry.yarnpkg.com/inversify/-/inversify-3.1.0.tgz#820571ddf52e7d8f875a5de15de3468319b86f80"

is-stream@^1.0.1:
  version "1.1.0"
  resolved "https://registry.yarnpkg.com/is-stream/-/is-stream-1.1.0.tgz#12d4a3dd4e68e0b79ceb8dbc84173ae80d91ca44"

isarray@0.0.1:
  version "0.0.1"
  resolved "https://registry.yarnpkg.com/isarray/-/isarray-0.0.1.tgz#8a18acfca9a8f4177e09abfc6038939b05d1eedf"

isarray@~1.0.0:
  version "1.0.0"
  resolved "https://registry.yarnpkg.com/isarray/-/isarray-1.0.0.tgz#bb935d48582cba168c06834957a54a3e07124f11"

lodash@^4.17.4:
  version "4.17.4"
  resolved "https://registry.yarnpkg.com/lodash/-/lodash-4.17.4.tgz#78203a4d1c328ae1d86dca6460e369b57f4055ae"

long@^3.2.0:
  version "3.2.0"
  resolved "https://registry.yarnpkg.com/long/-/long-3.2.0.tgz#d821b7138ca1cb581c172990ef14db200b5c474b"

marked@^0.3.6:
  version "0.3.6"
  resolved "https://registry.yarnpkg.com/marked/-/marked-0.3.6.tgz#b2c6c618fccece4ef86c4fc6cb8a7cbf5aeda8d7"

mime@^1.2.11:
  version "1.3.4"
  resolved "https://registry.yarnpkg.com/mime/-/mime-1.3.4.tgz#115f9e3b6b3daf2959983cb38f149a2d40eb5d53"

moment@^2.17.1:
  version "2.17.1"
  resolved "https://registry.yarnpkg.com/moment/-/moment-2.17.1.tgz#fed9506063f36b10f066c8b59a144d7faebe1d82"

mongodb-core@2.1.8:
  version "2.1.8"
  resolved "https://registry.yarnpkg.com/mongodb-core/-/mongodb-core-2.1.8.tgz#b33e0370d0a59d97b6cb1ec610527be9e95ca2c0"
  dependencies:
    bson "~1.0.4"
    require_optional "~1.0.0"

mongodb@^2.2.22:
  version "2.2.24"
  resolved "https://registry.yarnpkg.com/mongodb/-/mongodb-2.2.24.tgz#80f40d6ec5bdec0ddecf0f9ce0144e794c46449a"
  dependencies:
    es6-promise "3.2.1"
    mongodb-core "2.1.8"
    readable-stream "2.1.5"

ms@0.7.2:
  version "0.7.2"
  resolved "https://registry.yarnpkg.com/ms/-/ms-0.7.2.tgz#ae25cf2512b3885a1d95d7f037868d8431124765"

netrc@^0.1.4:
  version "0.1.4"
  resolved "https://registry.yarnpkg.com/netrc/-/netrc-0.1.4.tgz#6be94fcaca8d77ade0a9670dc460914c94472444"

node-fetch@^1.6.3:
  version "1.6.3"
  resolved "https://registry.yarnpkg.com/node-fetch/-/node-fetch-1.6.3.tgz#dc234edd6489982d58e8f0db4f695029abcd8c04"
  dependencies:
    encoding "^0.1.11"
    is-stream "^1.0.1"

process-nextick-args@~1.0.6:
  version "1.0.7"
  resolved "https://registry.yarnpkg.com/process-nextick-args/-/process-nextick-args-1.0.7.tgz#150e20b756590ad3f91093f25a4f2ad8bff30ba3"

protobufjs@^6.6.2:
  version "6.6.5"
  resolved "https://registry.yarnpkg.com/protobufjs/-/protobufjs-6.6.5.tgz#beafc3aac777f2787c9674e092d157a2e28f9312"
  dependencies:
    "@protobufjs/aspromise" "^1.1.1"
    "@protobufjs/base64" "^1.1.1"
    "@protobufjs/codegen" "^1.0.8"
    "@protobufjs/eventemitter" "^1.1.0"
    "@protobufjs/fetch" "^1.1.0"
    "@protobufjs/inquire" "^1.1.0"
    "@protobufjs/path" "^1.1.2"
    "@protobufjs/pool" "^1.1.0"
    "@protobufjs/utf8" "^1.1.0"
    "@types/node" "7.0.5"
  optionalDependencies:
    "@types/long" "^3.0.31"
    long "^3.2.0"

"readable-stream@1.x >=1.1.9":
  version "1.1.14"
  resolved "https://registry.yarnpkg.com/readable-stream/-/readable-stream-1.1.14.tgz#7cf4c54ef648e3813084c636dd2079e166c081d9"
  dependencies:
    core-util-is "~1.0.0"
    inherits "~2.0.1"
    isarray "0.0.1"
    string_decoder "~0.10.x"

readable-stream@2.1.5:
  version "2.1.5"
  resolved "https://registry.yarnpkg.com/readable-stream/-/readable-stream-2.1.5.tgz#66fa8b720e1438b364681f2ad1a63c618448c9d0"
  dependencies:
    buffer-shims "^1.0.0"
    core-util-is "~1.0.0"
    inherits "~2.0.1"
    isarray "~1.0.0"
    process-nextick-args "~1.0.6"
    string_decoder "~0.10.x"
    util-deprecate "~1.0.1"

reflect-metadata@^0.1.9:
  version "0.1.10"
  resolved "https://registry.yarnpkg.com/reflect-metadata/-/reflect-metadata-0.1.10.tgz#b4f83704416acad89988c9b15635d47e03b9344a"

require_optional@~1.0.0:
  version "1.0.0"
  resolved "https://registry.yarnpkg.com/require_optional/-/require_optional-1.0.0.tgz#52a86137a849728eb60a55533617f8f914f59abf"
  dependencies:
    resolve-from "^2.0.0"
    semver "^5.1.0"

resolve-from@^2.0.0:
  version "2.0.0"
  resolved "https://registry.yarnpkg.com/resolve-from/-/resolve-from-2.0.0.tgz#9480ab20e94ffa1d9e80a804c7ea147611966b57"

semver@^5.1.0:
  version "5.3.0"
  resolved "https://registry.yarnpkg.com/semver/-/semver-5.3.0.tgz#9b2ce5d3de02d17c6012ad326aa6b4d0cf54f94f"

semver@~5.0.1:
  version "5.0.3"
  resolved "https://registry.yarnpkg.com/semver/-/semver-5.0.3.tgz#77466de589cd5d3c95f138aa78bc569a3cb5d27a"

stream-consume@^0.1.0:
  version "0.1.0"
  resolved "https://registry.yarnpkg.com/stream-consume/-/stream-consume-0.1.0.tgz#a41ead1a6d6081ceb79f65b061901b6d8f3d1d0f"

string_decoder@~0.10.x:
  version "0.10.31"
  resolved "https://registry.yarnpkg.com/string_decoder/-/string_decoder-0.10.31.tgz#62e203bc41766c6c28c9fc84301dab1c5310fa94"

util-deprecate@~1.0.1:
  version "1.0.2"
  resolved "https://registry.yarnpkg.com/util-deprecate/-/util-deprecate-1.0.2.tgz#450d4dc9fa70de732762fbd2d4a28981419a0ccf"

wtfnode@^0.5.0:
  version "0.5.0"
  resolved "https://registry.yarnpkg.com/wtfnode/-/wtfnode-0.5.0.tgz#71dd4ac4a28997ec7bb873ec455cb4fb802c5c67"
